<Solution>
  <Folder Name="/BuildingBlocks/">
    <Project Path="BuildingBlocks/BuildingBlocks.Messaging/BuildingBlocks.Messaging.csproj" Id="bf1b0d5d-553d-4086-b09e-0d79f5673bdd" />
    <Project Path="BuildingBlocks/BuildingBlocks/BuildingBlocks.csproj" Id="5880dd5d-51c8-40b7-908a-e7b337cae0d9" />
    <Project Path="BuildingBlocks/ResultPattern/ResultPattern.csproj" Id="084614ff-020d-4403-b862-12648a381d39" />
  </Folder>
  <Folder Name="/Services/" />
  <Folder Name="/Services/Basket/">
    <Project Path="Services/Basket/Basket.API/Basket.API.csproj" Id="ff793a54-f35e-4b31-9bf6-9c7323ec1c99" />
  </Folder>
  <Folder Name="/Services/Catalog/">
    <Project Path="Services/Catalog/Catalog.API/Catalog.API.csproj" Id="46a7537a-742a-4296-83bc-0f049e227c3a" />
  </Folder>
  <Folder Name="/Services/Discount/">
    <Project Path="Services/Discount/Discount.Grpc/Discount.Grpc.csproj" Id="356ebfb6-bcfb-4a47-b704-6392df3410d3" />
  </Folder>
  <Folder Name="/Services/Ordering/">
    <Project Path="Services/Ordering/Ordering.API/Ordering.API.csproj" Id="76e63995-923d-4c2c-bad6-9cdb3ecea689" />
    <Project Path="Services/Ordering/Ordering.Application/Ordering.Application.csproj" Id="414ba22c-6458-47bb-954d-155996d5eb1d" />
    <Project Path="Services/Ordering/Ordering.Domain/Ordering.Domain.csproj" Id="9053ed62-cd23-45f3-bd15-f6008c4b89d8" />
    <Project Path="Services/Ordering/Ordering.Infrastructure/Ordering.Infrastructure.csproj" Id="8c0b6395-1704-4265-8c73-61ba1454f45a" />
  </Folder>
  <Project Path="docker-compose.dcproj">
    <Build />
  </Project>
</Solution>
